// !$*UTF8*$!
{
	archiveVersion = 1;
	classes = {
	};
	objectVersion = 46;
	objects = {

/* Begin PBXBuildFile section */
		40FDA2963EF646D4AE8B244F /* libPods.a in Frameworks */ = {isa = PBXBuildFile; fileRef = 24756EF9B81E4A9B8B3A6C6B /* libPods.a */; };
		BC24E07F1791673D00F1674E /* Foundation.framework in Frameworks */ = {isa = PBXBuildFile; fileRef = BC24E07E1791673D00F1674E /* Foundation.framework */; };
		BC24E0811791673D00F1674E /* CoreGraphics.framework in Frameworks */ = {isa = PBXBuildFile; fileRef = BC24E0801791673D00F1674E /* CoreGraphics.framework */; };
		BC24E0831791673D00F1674E /* UIKit.framework in Frameworks */ = {isa = PBXBuildFile; fileRef = BC24E0821791673D00F1674E /* UIKit.framework */; };
		BC24E0891791673D00F1674E /* InfoPlist.strings in Resources */ = {isa = PBXBuildFile; fileRef = BC24E0871791673D00F1674E /* InfoPlist.strings */; };
		BC24E08B1791673D00F1674E /* main.m in Sources */ = {isa = PBXBuildFile; fileRef = BC24E08A1791673D00F1674E /* main.m */; };
		BC24E08F1791673D00F1674E /* DDAppDelegate.m in Sources */ = {isa = PBXBuildFile; fileRef = BC24E08E1791673D00F1674E /* DDAppDelegate.m */; settings = {COMPILER_FLAGS = "-fno-objc-arc"; }; };
		BC24E0921791673D00F1674E /* Main.storyboard in Resources */ = {isa = PBXBuildFile; fileRef = BC24E0901791673D00F1674E /* Main.storyboard */; };
		BC24E0971791673D00F1674E /* Images.xcassets in Resources */ = {isa = PBXBuildFile; fileRef = BC24E0961791673D00F1674E /* Images.xcassets */; };
		BC24E09E1791673D00F1674E /* XCTest.framework in Frameworks */ = {isa = PBXBuildFile; fileRef = BC24E09D1791673D00F1674E /* XCTest.framework */; };
		BC24E09F1791673D00F1674E /* Foundation.framework in Frameworks */ = {isa = PBXBuildFile; fileRef = BC24E07E1791673D00F1674E /* Foundation.framework */; };
		BC24E0A01791673D00F1674E /* UIKit.framework in Frameworks */ = {isa = PBXBuildFile; fileRef = BC24E0821791673D00F1674E /* UIKit.framework */; };
		BC24E0A81791673D00F1674E /* InfoPlist.strings in Resources */ = {isa = PBXBuildFile; fileRef = BC24E0A61791673D00F1674E /* InfoPlist.strings */; };
		BC24E0AA1791673D00F1674E /* Cellular_SoundsTests.m in Sources */ = {isa = PBXBuildFile; fileRef = BC24E0A91791673D00F1674E /* Cellular_SoundsTests.m */; };
		BC24E0F21791679A00F1674E /* AudioManager.m in Sources */ = {isa = PBXBuildFile; fileRef = BC24E0B51791679A00F1674E /* AudioManager.m */; settings = {COMPILER_FLAGS = "-fno-objc-arc"; }; };
		BC24E0F31791679A00F1674E /* BChannelEvent.m in Sources */ = {isa = PBXBuildFile; fileRef = BC24E0B71791679A00F1674E /* BChannelEvent.m */; settings = {COMPILER_FLAGS = "-fno-objc-arc"; }; };
		BC24E0F41791679A00F1674E /* BMidiClock.m in Sources */ = {isa = PBXBuildFile; fileRef = BC24E0B91791679A00F1674E /* BMidiClock.m */; settings = {COMPILER_FLAGS = "-fno-objc-arc"; }; };
		BC24E0F51791679A00F1674E /* BMidiEvent.m in Sources */ = {isa = PBXBuildFile; fileRef = BC24E0BB1791679A00F1674E /* BMidiEvent.m */; settings = {COMPILER_FLAGS = "-fno-objc-arc"; }; };
		BC24E0F61791679A00F1674E /* BMidiManager.m in Sources */ = {isa = PBXBuildFile; fileRef = BC24E0BD1791679A00F1674E /* BMidiManager.m */; settings = {COMPILER_FLAGS = "-fno-objc-arc"; }; };
		BC24E0F71791679A00F1674E /* BMidiNote.m in Sources */ = {isa = PBXBuildFile; fileRef = BC24E0BF1791679A00F1674E /* BMidiNote.m */; settings = {COMPILER_FLAGS = "-fno-objc-arc"; }; };
		BC24E0F81791679A00F1674E /* BObjectPool.m in Sources */ = {isa = PBXBuildFile; fileRef = BC24E0C31791679A00F1674E /* BObjectPool.m */; settings = {COMPILER_FLAGS = "-fno-objc-arc"; }; };
		BC24E0F91791679A00F1674E /* BSequence.m in Sources */ = {isa = PBXBuildFile; fileRef = BC24E0C51791679A00F1674E /* BSequence.m */; settings = {COMPILER_FLAGS = "-fno-objc-arc"; }; };
		BC24E0FA1791679A00F1674E /* BSequencePlayer.m in Sources */ = {isa = PBXBuildFile; fileRef = BC24E0C71791679A00F1674E /* BSequencePlayer.m */; settings = {COMPILER_FLAGS = "-fno-objc-arc"; }; };
		BC24E0FB1791679A00F1674E /* BTempoEvent.m in Sources */ = {isa = PBXBuildFile; fileRef = BC24E0C91791679A00F1674E /* BTempoEvent.m */; settings = {COMPILER_FLAGS = "-fno-objc-arc"; }; };
		BC41E0241792F84B0087A109 /* DDSegmentedControl.m in Sources */ = {isa = PBXBuildFile; fileRef = BC41E0231792F84B0087A109 /* DDSegmentedControl.m */; };
		BC41E0271792FD490087A109 /* DDSettingsViewController.m in Sources */ = {isa = PBXBuildFile; fileRef = BC41E0261792FD490087A109 /* DDSettingsViewController.m */; };
		BC6AFD0B179C5F20003AC5FC /* DDConwaysSettings.m in Sources */ = {isa = PBXBuildFile; fileRef = BC6AFD0A179C5F20003AC5FC /* DDConwaysSettings.m */; };
		BC6AFD0F179C5F4F003AC5FC /* DDReactiveSettings.m in Sources */ = {isa = PBXBuildFile; fileRef = BC6AFD0E179C5F4F003AC5FC /* DDReactiveSettings.m */; };
		BC85E8AF179C04A20079CFE5 /* DDReactiveGameOfLife.m in Sources */ = {isa = PBXBuildFile; fileRef = BC85E8AE179C04A20079CFE5 /* DDReactiveGameOfLife.m */; };
		BC85E8B6179C48E00079CFE5 /* alex glockenspiel.sf2 in Resources */ = {isa = PBXBuildFile; fileRef = BC85E8B2179C48E00079CFE5 /* alex glockenspiel.sf2 */; };
		BC85E8B7179C48E00079CFE5 /* bdlutes_musicbox.sf2 in Resources */ = {isa = PBXBuildFile; fileRef = BC85E8B3179C48E00079CFE5 /* bdlutes_musicbox.sf2 */; };
		BC85E8B8179C48E00079CFE5 /* music box.sf2 in Resources */ = {isa = PBXBuildFile; fileRef = BC85E8B4179C48E00079CFE5 /* music box.sf2 */; };
		BC85E8B9179C48E00079CFE5 /* xylophone esmart.sf2 in Resources */ = {isa = PBXBuildFile; fileRef = BC85E8B5179C48E00079CFE5 /* xylophone esmart.sf2 */; };
		BC85E8BE179C49B30079CFE5 /* DDCell.m in Sources */ = {isa = PBXBuildFile; fileRef = BC85E8BD179C49B30079CFE5 /* DDCell.m */; };
		BC85E8C3179C49E40079CFE5 /* DDFoodCell.m in Sources */ = {isa = PBXBuildFile; fileRef = BC85E8C2179C49E40079CFE5 /* DDFoodCell.m */; };
		BC85E8C6179C4A330079CFE5 /* DDLifeCell.m in Sources */ = {isa = PBXBuildFile; fileRef = BC85E8C5179C4A330079CFE5 /* DDLifeCell.m */; };
		BC85E8C9179C4B8B0079CFE5 /* NSMutableArray+Counting.m in Sources */ = {isa = PBXBuildFile; fileRef = BC85E8C8179C4B8B0079CFE5 /* NSMutableArray+Counting.m */; };
		BC85E8CB179C4BFF0079CFE5 /* fmtoy_pianoish.sf2 in Resources */ = {isa = PBXBuildFile; fileRef = BC85E8CA179C4BFF0079CFE5 /* fmtoy_pianoish.sf2 */; };
		BCB5BF5C17916BF7006C3C30 /* DDAbstractGameOfLife.m in Sources */ = {isa = PBXBuildFile; fileRef = BCB5BF5B17916BF7006C3C30 /* DDAbstractGameOfLife.m */; };
		BCB5BF5D17916BF7006C3C30 /* DDAbstractGameOfLife.m in Sources */ = {isa = PBXBuildFile; fileRef = BCB5BF5B17916BF7006C3C30 /* DDAbstractGameOfLife.m */; };
		BCB5BF6317917025006C3C30 /* DDGridView.m in Sources */ = {isa = PBXBuildFile; fileRef = BCB5BF6217917025006C3C30 /* DDGridView.m */; };
		BCB5BF6617917572006C3C30 /* DDMainViewController.m in Sources */ = {isa = PBXBuildFile; fileRef = BCB5BF6517917572006C3C30 /* DDMainViewController.m */; };
		BCB5BF69179180FF006C3C30 /* DDConwaysGameOfLife.m in Sources */ = {isa = PBXBuildFile; fileRef = BCB5BF68179180FF006C3C30 /* DDConwaysGameOfLife.m */; };
		BCB5BF6A179180FF006C3C30 /* DDConwaysGameOfLife.m in Sources */ = {isa = PBXBuildFile; fileRef = BCB5BF68179180FF006C3C30 /* DDConwaysGameOfLife.m */; };
/* End PBXBuildFile section */

/* Begin PBXContainerItemProxy section */
		BC24E0A11791673D00F1674E /* PBXContainerItemProxy */ = {
			isa = PBXContainerItemProxy;
			containerPortal = BC24E0731791673D00F1674E /* Project object */;
			proxyType = 1;
			remoteGlobalIDString = BC24E07A1791673D00F1674E;
			remoteInfo = "Cellular-Sounds";
		};
/* End PBXContainerItemProxy section */

/* Begin PBXFileReference section */
		24756EF9B81E4A9B8B3A6C6B /* libPods.a */ = {isa = PBXFileReference; explicitFileType = archive.ar; includeInIndex = 0; path = libPods.a; sourceTree = BUILT_PRODUCTS_DIR; };
		476DE402898644F8A85825DE /* Pods/Pods.xcconfig */ = {isa = PBXFileReference; includeInIndex = 1; lastKnownFileType = text.xcconfig; path = Pods/Pods.xcconfig; sourceTree = SOURCE_ROOT; };
		BC24E07B1791673D00F1674E /* Cellular-Sounds.app */ = {isa = PBXFileReference; explicitFileType = wrapper.application; includeInIndex = 0; path = "Cellular-Sounds.app"; sourceTree = BUILT_PRODUCTS_DIR; };
		BC24E07E1791673D00F1674E /* Foundation.framework */ = {isa = PBXFileReference; lastKnownFileType = wrapper.framework; name = Foundation.framework; path = System/Library/Frameworks/Foundation.framework; sourceTree = SDKROOT; };
		BC24E0801791673D00F1674E /* CoreGraphics.framework */ = {isa = PBXFileReference; lastKnownFileType = wrapper.framework; name = CoreGraphics.framework; path = System/Library/Frameworks/CoreGraphics.framework; sourceTree = SDKROOT; };
		BC24E0821791673D00F1674E /* UIKit.framework */ = {isa = PBXFileReference; lastKnownFileType = wrapper.framework; name = UIKit.framework; path = System/Library/Frameworks/UIKit.framework; sourceTree = SDKROOT; };
		BC24E0861791673D00F1674E /* Cellular-Sounds-Info.plist */ = {isa = PBXFileReference; lastKnownFileType = text.plist.xml; path = "Cellular-Sounds-Info.plist"; sourceTree = "<group>"; };
		BC24E0881791673D00F1674E /* en */ = {isa = PBXFileReference; lastKnownFileType = text.plist.strings; name = en; path = en.lproj/InfoPlist.strings; sourceTree = "<group>"; };
		BC24E08A1791673D00F1674E /* main.m */ = {isa = PBXFileReference; lastKnownFileType = sourcecode.c.objc; path = main.m; sourceTree = "<group>"; };
		BC24E08C1791673D00F1674E /* Cellular-Sounds-Prefix.pch */ = {isa = PBXFileReference; lastKnownFileType = sourcecode.c.h; path = "Cellular-Sounds-Prefix.pch"; sourceTree = "<group>"; };
		BC24E08D1791673D00F1674E /* DDAppDelegate.h */ = {isa = PBXFileReference; lastKnownFileType = sourcecode.c.h; path = DDAppDelegate.h; sourceTree = "<group>"; };
		BC24E08E1791673D00F1674E /* DDAppDelegate.m */ = {isa = PBXFileReference; lastKnownFileType = sourcecode.c.objc; path = DDAppDelegate.m; sourceTree = "<group>"; };
		BC24E0911791673D00F1674E /* Base */ = {isa = PBXFileReference; lastKnownFileType = file.storyboard; name = Base; path = Base.lproj/Main.storyboard; sourceTree = "<group>"; };
		BC24E0961791673D00F1674E /* Images.xcassets */ = {isa = PBXFileReference; lastKnownFileType = folder.assetcatalog; path = Images.xcassets; sourceTree = "<group>"; };
		BC24E09C1791673D00F1674E /* Cellular-SoundsTests.xctest */ = {isa = PBXFileReference; explicitFileType = wrapper.cfbundle; includeInIndex = 0; path = "Cellular-SoundsTests.xctest"; sourceTree = BUILT_PRODUCTS_DIR; };
		BC24E09D1791673D00F1674E /* XCTest.framework */ = {isa = PBXFileReference; lastKnownFileType = wrapper.framework; name = XCTest.framework; path = Library/Frameworks/XCTest.framework; sourceTree = DEVELOPER_DIR; };
		BC24E0A51791673D00F1674E /* Cellular-SoundsTests-Info.plist */ = {isa = PBXFileReference; lastKnownFileType = text.plist.xml; path = "Cellular-SoundsTests-Info.plist"; sourceTree = "<group>"; };
		BC24E0A71791673D00F1674E /* en */ = {isa = PBXFileReference; lastKnownFileType = text.plist.strings; name = en; path = en.lproj/InfoPlist.strings; sourceTree = "<group>"; };
		BC24E0A91791673D00F1674E /* Cellular_SoundsTests.m */ = {isa = PBXFileReference; lastKnownFileType = sourcecode.c.objc; path = Cellular_SoundsTests.m; sourceTree = "<group>"; };
		BC24E0B41791679A00F1674E /* AudioManager.h */ = {isa = PBXFileReference; fileEncoding = 4; lastKnownFileType = sourcecode.c.h; path = AudioManager.h; sourceTree = "<group>"; };
		BC24E0B51791679A00F1674E /* AudioManager.m */ = {isa = PBXFileReference; fileEncoding = 4; lastKnownFileType = sourcecode.c.objc; path = AudioManager.m; sourceTree = "<group>"; };
		BC24E0B61791679A00F1674E /* BChannelEvent.h */ = {isa = PBXFileReference; fileEncoding = 4; lastKnownFileType = sourcecode.c.h; path = BChannelEvent.h; sourceTree = "<group>"; };
		BC24E0B71791679A00F1674E /* BChannelEvent.m */ = {isa = PBXFileReference; fileEncoding = 4; lastKnownFileType = sourcecode.c.objc; path = BChannelEvent.m; sourceTree = "<group>"; };
		BC24E0B81791679A00F1674E /* BMidiClock.h */ = {isa = PBXFileReference; fileEncoding = 4; lastKnownFileType = sourcecode.c.h; path = BMidiClock.h; sourceTree = "<group>"; };
		BC24E0B91791679A00F1674E /* BMidiClock.m */ = {isa = PBXFileReference; fileEncoding = 4; lastKnownFileType = sourcecode.c.objc; path = BMidiClock.m; sourceTree = "<group>"; };
		BC24E0BA1791679A00F1674E /* BMidiEvent.h */ = {isa = PBXFileReference; fileEncoding = 4; lastKnownFileType = sourcecode.c.h; path = BMidiEvent.h; sourceTree = "<group>"; };
		BC24E0BB1791679A00F1674E /* BMidiEvent.m */ = {isa = PBXFileReference; fileEncoding = 4; lastKnownFileType = sourcecode.c.objc; path = BMidiEvent.m; sourceTree = "<group>"; };
		BC24E0BC1791679A00F1674E /* BMidiManager.h */ = {isa = PBXFileReference; fileEncoding = 4; lastKnownFileType = sourcecode.c.h; path = BMidiManager.h; sourceTree = "<group>"; };
		BC24E0BD1791679A00F1674E /* BMidiManager.m */ = {isa = PBXFileReference; fileEncoding = 4; lastKnownFileType = sourcecode.c.objc; path = BMidiManager.m; sourceTree = "<group>"; };
		BC24E0BE1791679A00F1674E /* BMidiNote.h */ = {isa = PBXFileReference; fileEncoding = 4; lastKnownFileType = sourcecode.c.h; path = BMidiNote.h; sourceTree = "<group>"; };
		BC24E0BF1791679A00F1674E /* BMidiNote.m */ = {isa = PBXFileReference; fileEncoding = 4; lastKnownFileType = sourcecode.c.objc; path = BMidiNote.m; sourceTree = "<group>"; };
		BC24E0C01791679A00F1674E /* BNoteEventHandler.h */ = {isa = PBXFileReference; fileEncoding = 4; lastKnownFileType = sourcecode.c.h; path = BNoteEventHandler.h; sourceTree = "<group>"; };
		BC24E0C11791679A00F1674E /* BNoteProcessor.h */ = {isa = PBXFileReference; fileEncoding = 4; lastKnownFileType = sourcecode.c.h; path = BNoteProcessor.h; sourceTree = "<group>"; };
		BC24E0C21791679A00F1674E /* BObjectPool.h */ = {isa = PBXFileReference; fileEncoding = 4; lastKnownFileType = sourcecode.c.h; path = BObjectPool.h; sourceTree = "<group>"; };
		BC24E0C31791679A00F1674E /* BObjectPool.m */ = {isa = PBXFileReference; fileEncoding = 4; lastKnownFileType = sourcecode.c.objc; path = BObjectPool.m; sourceTree = "<group>"; };
		BC24E0C41791679A00F1674E /* BSequence.h */ = {isa = PBXFileReference; fileEncoding = 4; lastKnownFileType = sourcecode.c.h; path = BSequence.h; sourceTree = "<group>"; };
		BC24E0C51791679A00F1674E /* BSequence.m */ = {isa = PBXFileReference; fileEncoding = 4; lastKnownFileType = sourcecode.c.objc; path = BSequence.m; sourceTree = "<group>"; };
		BC24E0C61791679A00F1674E /* BSequencePlayer.h */ = {isa = PBXFileReference; fileEncoding = 4; lastKnownFileType = sourcecode.c.h; path = BSequencePlayer.h; sourceTree = "<group>"; };
		BC24E0C71791679A00F1674E /* BSequencePlayer.m */ = {isa = PBXFileReference; fileEncoding = 4; lastKnownFileType = sourcecode.c.objc; path = BSequencePlayer.m; sourceTree = "<group>"; };
		BC24E0C81791679A00F1674E /* BTempoEvent.h */ = {isa = PBXFileReference; fileEncoding = 4; lastKnownFileType = sourcecode.c.h; path = BTempoEvent.h; sourceTree = "<group>"; };
		BC24E0C91791679A00F1674E /* BTempoEvent.m */ = {isa = PBXFileReference; fileEncoding = 4; lastKnownFileType = sourcecode.c.objc; path = BTempoEvent.m; sourceTree = "<group>"; };
		BC24E0CA1791679A00F1674E /* BTempoEventHandler.h */ = {isa = PBXFileReference; fileEncoding = 4; lastKnownFileType = sourcecode.c.h; path = BTempoEventHandler.h; sourceTree = "<group>"; };
		BC24E114179168BE00F1674E /* TODO */ = {isa = PBXFileReference; lastKnownFileType = text; path = TODO; sourceTree = "<group>"; };
		BC41E0221792F84B0087A109 /* DDSegmentedControl.h */ = {isa = PBXFileReference; fileEncoding = 4; lastKnownFileType = sourcecode.c.h; path = DDSegmentedControl.h; sourceTree = "<group>"; };
		BC41E0231792F84B0087A109 /* DDSegmentedControl.m */ = {isa = PBXFileReference; fileEncoding = 4; lastKnownFileType = sourcecode.c.objc; path = DDSegmentedControl.m; sourceTree = "<group>"; };
		BC41E0251792FD490087A109 /* DDSettingsViewController.h */ = {isa = PBXFileReference; fileEncoding = 4; lastKnownFileType = sourcecode.c.h; path = DDSettingsViewController.h; sourceTree = "<group>"; };
		BC41E0261792FD490087A109 /* DDSettingsViewController.m */ = {isa = PBXFileReference; fileEncoding = 4; lastKnownFileType = sourcecode.c.objc; path = DDSettingsViewController.m; sourceTree = "<group>"; };
		BC6AFD09179C5F20003AC5FC /* DDConwaysSettings.h */ = {isa = PBXFileReference; fileEncoding = 4; lastKnownFileType = sourcecode.c.h; path = DDConwaysSettings.h; sourceTree = "<group>"; };
		BC6AFD0A179C5F20003AC5FC /* DDConwaysSettings.m */ = {isa = PBXFileReference; fileEncoding = 4; lastKnownFileType = sourcecode.c.objc; path = DDConwaysSettings.m; sourceTree = "<group>"; };
		BC6AFD0D179C5F4F003AC5FC /* DDReactiveSettings.h */ = {isa = PBXFileReference; fileEncoding = 4; lastKnownFileType = sourcecode.c.h; path = DDReactiveSettings.h; sourceTree = "<group>"; };
		BC6AFD0E179C5F4F003AC5FC /* DDReactiveSettings.m */ = {isa = PBXFileReference; fileEncoding = 4; lastKnownFileType = sourcecode.c.objc; path = DDReactiveSettings.m; sourceTree = "<group>"; };
		BC85E8AD179C04A20079CFE5 /* DDReactiveGameOfLife.h */ = {isa = PBXFileReference; fileEncoding = 4; lastKnownFileType = sourcecode.c.h; path = DDReactiveGameOfLife.h; sourceTree = "<group>"; };
		BC85E8AE179C04A20079CFE5 /* DDReactiveGameOfLife.m */ = {isa = PBXFileReference; fileEncoding = 4; lastKnownFileType = sourcecode.c.objc; path = DDReactiveGameOfLife.m; sourceTree = "<group>"; };
		BC85E8B0179C06CB0079CFE5 /* DDSettingsResponder.h */ = {isa = PBXFileReference; fileEncoding = 4; lastKnownFileType = sourcecode.c.h; path = DDSettingsResponder.h; sourceTree = "<group>"; };
		BC85E8B2179C48E00079CFE5 /* alex glockenspiel.sf2 */ = {isa = PBXFileReference; lastKnownFileType = file; name = "alex glockenspiel.sf2"; path = "SF2/alex glockenspiel.sf2"; sourceTree = SOURCE_ROOT; };
		BC85E8B3179C48E00079CFE5 /* bdlutes_musicbox.sf2 */ = {isa = PBXFileReference; lastKnownFileType = file; name = bdlutes_musicbox.sf2; path = SF2/bdlutes_musicbox.sf2; sourceTree = SOURCE_ROOT; };
		BC85E8B4179C48E00079CFE5 /* music box.sf2 */ = {isa = PBXFileReference; lastKnownFileType = file; name = "music box.sf2"; path = "SF2/music box.sf2"; sourceTree = SOURCE_ROOT; };
		BC85E8B5179C48E00079CFE5 /* xylophone esmart.sf2 */ = {isa = PBXFileReference; lastKnownFileType = file; name = "xylophone esmart.sf2"; path = "SF2/xylophone esmart.sf2"; sourceTree = SOURCE_ROOT; };
		BC85E8BC179C49B30079CFE5 /* DDCell.h */ = {isa = PBXFileReference; fileEncoding = 4; lastKnownFileType = sourcecode.c.h; path = DDCell.h; sourceTree = "<group>"; };
		BC85E8BD179C49B30079CFE5 /* DDCell.m */ = {isa = PBXFileReference; fileEncoding = 4; lastKnownFileType = sourcecode.c.objc; path = DDCell.m; sourceTree = "<group>"; };
		BC85E8C1179C49E40079CFE5 /* DDFoodCell.h */ = {isa = PBXFileReference; fileEncoding = 4; lastKnownFileType = sourcecode.c.h; path = DDFoodCell.h; sourceTree = "<group>"; };
		BC85E8C2179C49E40079CFE5 /* DDFoodCell.m */ = {isa = PBXFileReference; fileEncoding = 4; lastKnownFileType = sourcecode.c.objc; path = DDFoodCell.m; sourceTree = "<group>"; };
		BC85E8C4179C4A330079CFE5 /* DDLifeCell.h */ = {isa = PBXFileReference; fileEncoding = 4; lastKnownFileType = sourcecode.c.h; path = DDLifeCell.h; sourceTree = "<group>"; };
		BC85E8C5179C4A330079CFE5 /* DDLifeCell.m */ = {isa = PBXFileReference; fileEncoding = 4; lastKnownFileType = sourcecode.c.objc; path = DDLifeCell.m; sourceTree = "<group>"; };
		BC85E8C7179C4B8B0079CFE5 /* NSMutableArray+Counting.h */ = {isa = PBXFileReference; fileEncoding = 4; lastKnownFileType = sourcecode.c.h; path = "NSMutableArray+Counting.h"; sourceTree = "<group>"; };
		BC85E8C8179C4B8B0079CFE5 /* NSMutableArray+Counting.m */ = {isa = PBXFileReference; fileEncoding = 4; lastKnownFileType = sourcecode.c.objc; path = "NSMutableArray+Counting.m"; sourceTree = "<group>"; };
		BC85E8CA179C4BFF0079CFE5 /* fmtoy_pianoish.sf2 */ = {isa = PBXFileReference; lastKnownFileType = file; name = fmtoy_pianoish.sf2; path = SF2/fmtoy_pianoish.sf2; sourceTree = SOURCE_ROOT; };
		BCB5BF5A17916BF7006C3C30 /* DDAbstractGameOfLife.h */ = {isa = PBXFileReference; fileEncoding = 4; lastKnownFileType = sourcecode.c.h; path = DDAbstractGameOfLife.h; sourceTree = "<group>"; };
		BCB5BF5B17916BF7006C3C30 /* DDAbstractGameOfLife.m */ = {isa = PBXFileReference; fileEncoding = 4; lastKnownFileType = sourcecode.c.objc; path = DDAbstractGameOfLife.m; sourceTree = "<group>"; };
		BCB5BF6117917025006C3C30 /* DDGridView.h */ = {isa = PBXFileReference; fileEncoding = 4; lastKnownFileType = sourcecode.c.h; path = DDGridView.h; sourceTree = "<group>"; };
		BCB5BF6217917025006C3C30 /* DDGridView.m */ = {isa = PBXFileReference; fileEncoding = 4; lastKnownFileType = sourcecode.c.objc; path = DDGridView.m; sourceTree = "<group>"; };
		BCB5BF6417917572006C3C30 /* DDMainViewController.h */ = {isa = PBXFileReference; fileEncoding = 4; lastKnownFileType = sourcecode.c.h; path = DDMainViewController.h; sourceTree = "<group>"; };
		BCB5BF6517917572006C3C30 /* DDMainViewController.m */ = {isa = PBXFileReference; fileEncoding = 4; lastKnownFileType = sourcecode.c.objc; path = DDMainViewController.m; sourceTree = "<group>"; };
		BCB5BF67179180FF006C3C30 /* DDConwaysGameOfLife.h */ = {isa = PBXFileReference; fileEncoding = 4; lastKnownFileType = sourcecode.c.h; path = DDConwaysGameOfLife.h; sourceTree = "<group>"; };
		BCB5BF68179180FF006C3C30 /* DDConwaysGameOfLife.m */ = {isa = PBXFileReference; fileEncoding = 4; lastKnownFileType = sourcecode.c.objc; path = DDConwaysGameOfLife.m; sourceTree = "<group>"; };
/* End PBXFileReference section */

/* Begin PBXFrameworksBuildPhase section */
		BC24E0781791673D00F1674E /* Frameworks */ = {
			isa = PBXFrameworksBuildPhase;
			buildActionMask = 2147483647;
			files = (
				BC24E0811791673D00F1674E /* CoreGraphics.framework in Frameworks */,
				BC24E0831791673D00F1674E /* UIKit.framework in Frameworks */,
				BC24E07F1791673D00F1674E /* Foundation.framework in Frameworks */,
				40FDA2963EF646D4AE8B244F /* libPods.a in Frameworks */,
			);
			runOnlyForDeploymentPostprocessing = 0;
		};
		BC24E0991791673D00F1674E /* Frameworks */ = {
			isa = PBXFrameworksBuildPhase;
			buildActionMask = 2147483647;
			files = (
				BC24E09E1791673D00F1674E /* XCTest.framework in Frameworks */,
				BC24E0A01791673D00F1674E /* UIKit.framework in Frameworks */,
				BC24E09F1791673D00F1674E /* Foundation.framework in Frameworks */,
			);
			runOnlyForDeploymentPostprocessing = 0;
		};
/* End PBXFrameworksBuildPhase section */

/* Begin PBXGroup section */
		BC24E0721791673D00F1674E = {
			isa = PBXGroup;
			children = (
				BC24E0B31791679A00F1674E /* co.deluge.advancedmidi */,
				BC24E0841791673D00F1674E /* Cellular-Sounds */,
				BC24E0A31791673D00F1674E /* Cellular-SoundsTests */,
				BC24E07D1791673D00F1674E /* Frameworks */,
				BC24E07C1791673D00F1674E /* Products */,
				476DE402898644F8A85825DE /* Pods/Pods.xcconfig */,
			);
			sourceTree = "<group>";
		};
		BC24E07C1791673D00F1674E /* Products */ = {
			isa = PBXGroup;
			children = (
				BC24E07B1791673D00F1674E /* Cellular-Sounds.app */,
				BC24E09C1791673D00F1674E /* Cellular-SoundsTests.xctest */,
			);
			name = Products;
			sourceTree = "<group>";
		};
		BC24E07D1791673D00F1674E /* Frameworks */ = {
			isa = PBXGroup;
			children = (
				BC24E07E1791673D00F1674E /* Foundation.framework */,
				BC24E0801791673D00F1674E /* CoreGraphics.framework */,
				BC24E0821791673D00F1674E /* UIKit.framework */,
				BC24E09D1791673D00F1674E /* XCTest.framework */,
				24756EF9B81E4A9B8B3A6C6B /* libPods.a */,
			);
			name = Frameworks;
			sourceTree = "<group>";
		};
		BC24E0841791673D00F1674E /* Cellular-Sounds */ = {
			isa = PBXGroup;
			children = (
				BC85E8C7179C4B8B0079CFE5 /* NSMutableArray+Counting.h */,
				BC85E8C8179C4B8B0079CFE5 /* NSMutableArray+Counting.m */,
				BCB5BF5817916BB7006C3C30 /* Model */,
				BCB5BF5717916BB0006C3C30 /* Views */,
				BC85E8B1179C06CF0079CFE5 /* Protocols */,
				BC6AFD0C179C5F32003AC5FC /* Settings */,
				BCB5BF5917916BBE006C3C30 /* Controllers */,
				BC24E08D1791673D00F1674E /* DDAppDelegate.h */,
				BC24E08E1791673D00F1674E /* DDAppDelegate.m */,
				BC24E0901791673D00F1674E /* Main.storyboard */,
				BC24E0961791673D00F1674E /* Images.xcassets */,
				BC24E0851791673D00F1674E /* Supporting Files */,
			);
			path = "Cellular-Sounds";
			sourceTree = "<group>";
		};
		BC24E0851791673D00F1674E /* Supporting Files */ = {
			isa = PBXGroup;
			children = (
				BC85E8CA179C4BFF0079CFE5 /* fmtoy_pianoish.sf2 */,
				BC85E8B2179C48E00079CFE5 /* alex glockenspiel.sf2 */,
				BC85E8B3179C48E00079CFE5 /* bdlutes_musicbox.sf2 */,
				BC85E8B4179C48E00079CFE5 /* music box.sf2 */,
				BC85E8B5179C48E00079CFE5 /* xylophone esmart.sf2 */,
				BC24E114179168BE00F1674E /* TODO */,
				BC24E0861791673D00F1674E /* Cellular-Sounds-Info.plist */,
				BC24E0871791673D00F1674E /* InfoPlist.strings */,
				BC24E08A1791673D00F1674E /* main.m */,
				BC24E08C1791673D00F1674E /* Cellular-Sounds-Prefix.pch */,
			);
			name = "Supporting Files";
			sourceTree = "<group>";
		};
		BC24E0A31791673D00F1674E /* Cellular-SoundsTests */ = {
			isa = PBXGroup;
			children = (
				BC24E0A91791673D00F1674E /* Cellular_SoundsTests.m */,
				BC24E0A41791673D00F1674E /* Supporting Files */,
			);
			path = "Cellular-SoundsTests";
			sourceTree = "<group>";
		};
		BC24E0A41791673D00F1674E /* Supporting Files */ = {
			isa = PBXGroup;
			children = (
				BC24E0A51791673D00F1674E /* Cellular-SoundsTests-Info.plist */,
				BC24E0A61791673D00F1674E /* InfoPlist.strings */,
			);
			name = "Supporting Files";
			sourceTree = "<group>";
		};
		BC24E0B31791679A00F1674E /* co.deluge.advancedmidi */ = {
			isa = PBXGroup;
			children = (
				BC24E0B41791679A00F1674E /* AudioManager.h */,
				BC24E0B51791679A00F1674E /* AudioManager.m */,
				BC24E0B61791679A00F1674E /* BChannelEvent.h */,
				BC24E0B71791679A00F1674E /* BChannelEvent.m */,
				BC24E0B81791679A00F1674E /* BMidiClock.h */,
				BC24E0B91791679A00F1674E /* BMidiClock.m */,
				BC24E0BA1791679A00F1674E /* BMidiEvent.h */,
				BC24E0BB1791679A00F1674E /* BMidiEvent.m */,
				BC24E0BC1791679A00F1674E /* BMidiManager.h */,
				BC24E0BD1791679A00F1674E /* BMidiManager.m */,
				BC24E0BE1791679A00F1674E /* BMidiNote.h */,
				BC24E0BF1791679A00F1674E /* BMidiNote.m */,
				BC24E0C01791679A00F1674E /* BNoteEventHandler.h */,
				BC24E0C11791679A00F1674E /* BNoteProcessor.h */,
				BC24E0C21791679A00F1674E /* BObjectPool.h */,
				BC24E0C31791679A00F1674E /* BObjectPool.m */,
				BC24E0C41791679A00F1674E /* BSequence.h */,
				BC24E0C51791679A00F1674E /* BSequence.m */,
				BC24E0C61791679A00F1674E /* BSequencePlayer.h */,
				BC24E0C71791679A00F1674E /* BSequencePlayer.m */,
				BC24E0C81791679A00F1674E /* BTempoEvent.h */,
				BC24E0C91791679A00F1674E /* BTempoEvent.m */,
				BC24E0CA1791679A00F1674E /* BTempoEventHandler.h */,
			);
			name = co.deluge.advancedmidi;
			path = "../MIDI-Library/co.deluge.advancedmidi";
			sourceTree = "<group>";
		};
		BC6AFD0C179C5F32003AC5FC /* Settings */ = {
			isa = PBXGroup;
			children = (
				BC6AFD09179C5F20003AC5FC /* DDConwaysSettings.h */,
				BC6AFD0A179C5F20003AC5FC /* DDConwaysSettings.m */,
				BC6AFD0D179C5F4F003AC5FC /* DDReactiveSettings.h */,
				BC6AFD0E179C5F4F003AC5FC /* DDReactiveSettings.m */,
			);
			name = Settings;
			sourceTree = "<group>";
		};
		BC85E8B1179C06CF0079CFE5 /* Protocols */ = {
			isa = PBXGroup;
			children = (
				BC85E8B0179C06CB0079CFE5 /* DDSettingsResponder.h */,
			);
			name = Protocols;
			sourceTree = "<group>";
		};
		BC85E8BF179C49BA0079CFE5 /* Reactive */ = {
			isa = PBXGroup;
			children = (
				BC85E8AD179C04A20079CFE5 /* DDReactiveGameOfLife.h */,
				BC85E8AE179C04A20079CFE5 /* DDReactiveGameOfLife.m */,
				BC85E8BC179C49B30079CFE5 /* DDCell.h */,
				BC85E8BD179C49B30079CFE5 /* DDCell.m */,
				BC85E8C1179C49E40079CFE5 /* DDFoodCell.h */,
				BC85E8C2179C49E40079CFE5 /* DDFoodCell.m */,
				BC85E8C4179C4A330079CFE5 /* DDLifeCell.h */,
				BC85E8C5179C4A330079CFE5 /* DDLifeCell.m */,
			);
			name = Reactive;
			sourceTree = "<group>";
		};
		BC85E8C0179C49C10079CFE5 /* Conway */ = {
			isa = PBXGroup;
			children = (
				BCB5BF67179180FF006C3C30 /* DDConwaysGameOfLife.h */,
				BCB5BF68179180FF006C3C30 /* DDConwaysGameOfLife.m */,
			);
			name = Conway;
			sourceTree = "<group>";
		};
		BCB5BF5717916BB0006C3C30 /* Views */ = {
			isa = PBXGroup;
			children = (
				BCB5BF6117917025006C3C30 /* DDGridView.h */,
				BCB5BF6217917025006C3C30 /* DDGridView.m */,
				BC41E0221792F84B0087A109 /* DDSegmentedControl.h */,
				BC41E0231792F84B0087A109 /* DDSegmentedControl.m */,
			);
			name = Views;
			sourceTree = "<group>";
		};
		BCB5BF5817916BB7006C3C30 /* Model */ = {
			isa = PBXGroup;
			children = (
				BCB5BF5A17916BF7006C3C30 /* DDAbstractGameOfLife.h */,
				BCB5BF5B17916BF7006C3C30 /* DDAbstractGameOfLife.m */,
				BC85E8BF179C49BA0079CFE5 /* Reactive */,
				BC85E8C0179C49C10079CFE5 /* Conway */,
			);
			name = Model;
			sourceTree = "<group>";
		};
		BCB5BF5917916BBE006C3C30 /* Controllers */ = {
			isa = PBXGroup;
			children = (
				BCB5BF6417917572006C3C30 /* DDMainViewController.h */,
				BCB5BF6517917572006C3C30 /* DDMainViewController.m */,
				BC41E0251792FD490087A109 /* DDSettingsViewController.h */,
				BC41E0261792FD490087A109 /* DDSettingsViewController.m */,
			);
			name = Controllers;
			sourceTree = "<group>";
		};
/* End PBXGroup section */

/* Begin PBXNativeTarget section */
		BC24E07A1791673D00F1674E /* Cellular-Sounds */ = {
			isa = PBXNativeTarget;
			buildConfigurationList = BC24E0AD1791673D00F1674E /* Build configuration list for PBXNativeTarget "Cellular-Sounds" */;
			buildPhases = (
				F46C1ED9EE764D21A1AE9FFC /* Check Pods Manifest.lock */,
				BC24E0771791673D00F1674E /* Sources */,
				BC24E0781791673D00F1674E /* Frameworks */,
				BC24E0791791673D00F1674E /* Resources */,
				F96F2FE595FC449486D54913 /* Copy Pods Resources */,
			);
			buildRules = (
			);
			dependencies = (
			);
			name = "Cellular-Sounds";
			productName = "Cellular-Sounds";
			productReference = BC24E07B1791673D00F1674E /* Cellular-Sounds.app */;
			productType = "com.apple.product-type.application";
		};
		BC24E09B1791673D00F1674E /* Cellular-SoundsTests */ = {
			isa = PBXNativeTarget;
			buildConfigurationList = BC24E0B01791673D00F1674E /* Build configuration list for PBXNativeTarget "Cellular-SoundsTests" */;
			buildPhases = (
				BC24E0981791673D00F1674E /* Sources */,
				BC24E0991791673D00F1674E /* Frameworks */,
				BC24E09A1791673D00F1674E /* Resources */,
			);
			buildRules = (
			);
			dependencies = (
				BC24E0A21791673D00F1674E /* PBXTargetDependency */,
			);
			name = "Cellular-SoundsTests";
			productName = "Cellular-SoundsTests";
			productReference = BC24E09C1791673D00F1674E /* Cellular-SoundsTests.xctest */;
			productType = "com.apple.product-type.bundle.unit-test";
		};
/* End PBXNativeTarget section */

/* Begin PBXProject section */
		BC24E0731791673D00F1674E /* Project object */ = {
			isa = PBXProject;
			attributes = {
				CLASSPREFIX = DD;
				LastUpgradeCheck = 0500;
				ORGANIZATIONNAME = "Delta Dog Studios";
				TargetAttributes = {
					BC24E07A1791673D00F1674E = {
						DevelopmentTeam = REGGDNJ825;
					};
					BC24E09B1791673D00F1674E = {
						TestTargetID = BC24E07A1791673D00F1674E;
					};
				};
			};
			buildConfigurationList = BC24E0761791673D00F1674E /* Build configuration list for PBXProject "Cellular-Sounds" */;
			compatibilityVersion = "Xcode 3.2";
			developmentRegion = English;
			hasScannedForEncodings = 0;
			knownRegions = (
				en,
				Base,
			);
			mainGroup = BC24E0721791673D00F1674E;
			productRefGroup = BC24E07C1791673D00F1674E /* Products */;
			projectDirPath = "";
			projectRoot = "";
			targets = (
				BC24E07A1791673D00F1674E /* Cellular-Sounds */,
				BC24E09B1791673D00F1674E /* Cellular-SoundsTests */,
			);
		};
/* End PBXProject section */

/* Begin PBXResourcesBuildPhase section */
		BC24E0791791673D00F1674E /* Resources */ = {
			isa = PBXResourcesBuildPhase;
			buildActionMask = 2147483647;
			files = (
				BC85E8B8179C48E00079CFE5 /* music box.sf2 in Resources */,
				BC85E8B6179C48E00079CFE5 /* alex glockenspiel.sf2 in Resources */,
				BC24E0971791673D00F1674E /* Images.xcassets in Resources */,
				BC24E0891791673D00F1674E /* InfoPlist.strings in Resources */,
				BC85E8CB179C4BFF0079CFE5 /* fmtoy_pianoish.sf2 in Resources */,
				BC85E8B9179C48E00079CFE5 /* xylophone esmart.sf2 in Resources */,
				BC85E8B7179C48E00079CFE5 /* bdlutes_musicbox.sf2 in Resources */,
				BC24E0921791673D00F1674E /* Main.storyboard in Resources */,
			);
			runOnlyForDeploymentPostprocessing = 0;
		};
		BC24E09A1791673D00F1674E /* Resources */ = {
			isa = PBXResourcesBuildPhase;
			buildActionMask = 2147483647;
			files = (
				BC24E0A81791673D00F1674E /* InfoPlist.strings in Resources */,
			);
			runOnlyForDeploymentPostprocessing = 0;
		};
/* End PBXResourcesBuildPhase section */

/* Begin PBXShellScriptBuildPhase section */
		F46C1ED9EE764D21A1AE9FFC /* Check Pods Manifest.lock */ = {
			isa = PBXShellScriptBuildPhase;
			buildActionMask = 2147483647;
			files = (
			);
			inputPaths = (
			);
			name = "Check Pods Manifest.lock";
			outputPaths = (
			);
			runOnlyForDeploymentPostprocessing = 0;
			shellPath = /bin/sh;
			shellScript = "diff \"${PODS_ROOT}/../Podfile.lock\" \"${PODS_ROOT}/Manifest.lock\" > /dev/null\nif [[ $? != 0 ]] ; then\n    cat << EOM\nerror: The sandbox is not in sync with the Podfile.lock. Run 'pod install' or update your CocoaPods installation.\nEOM\n    exit 1\nfi\n";
			showEnvVarsInLog = 0;
		};
		F96F2FE595FC449486D54913 /* Copy Pods Resources */ = {
			isa = PBXShellScriptBuildPhase;
			buildActionMask = 2147483647;
			files = (
			);
			inputPaths = (
			);
			name = "Copy Pods Resources";
			outputPaths = (
			);
			runOnlyForDeploymentPostprocessing = 0;
			shellPath = /bin/sh;
			shellScript = "\"${SRCROOT}/Pods/Pods-resources.sh\"\n";
			showEnvVarsInLog = 0;
		};
/* End PBXShellScriptBuildPhase section */

/* Begin PBXSourcesBuildPhase section */
		BC24E0771791673D00F1674E /* Sources */ = {
			isa = PBXSourcesBuildPhase;
			buildActionMask = 2147483647;
			files = (
				BC24E0F21791679A00F1674E /* AudioManager.m in Sources */,
				BC24E0F71791679A00F1674E /* BMidiNote.m in Sources */,
				BC24E08F1791673D00F1674E /* DDAppDelegate.m in Sources */,
				BC85E8BE179C49B30079CFE5 /* DDCell.m in Sources */,
				BC24E0F91791679A00F1674E /* BSequence.m in Sources */,
				BCB5BF6317917025006C3C30 /* DDGridView.m in Sources */,
				BC24E0F61791679A00F1674E /* BMidiManager.m in Sources */,
				BC85E8AF179C04A20079CFE5 /* DDReactiveGameOfLife.m in Sources */,
				BC24E0FB1791679A00F1674E /* BTempoEvent.m in Sources */,
				BC85E8C9179C4B8B0079CFE5 /* NSMutableArray+Counting.m in Sources */,
				BC24E0F81791679A00F1674E /* BObjectPool.m in Sources */,
				BC85E8C3179C49E40079CFE5 /* DDFoodCell.m in Sources */,
				BC24E0FA1791679A00F1674E /* BSequencePlayer.m in Sources */,
				BC24E0F41791679A00F1674E /* BMidiClock.m in Sources */,
				BC24E08B1791673D00F1674E /* main.m in Sources */,
				BCB5BF69179180FF006C3C30 /* DDConwaysGameOfLife.m in Sources */,
				BC6AFD0F179C5F4F003AC5FC /* DDReactiveSettings.m in Sources */,
				BCB5BF6617917572006C3C30 /* DDMainViewController.m in Sources */,
				BC24E0F51791679A00F1674E /* BMidiEvent.m in Sources */,
				BC41E0241792F84B0087A109 /* DDSegmentedControl.m in Sources */,
				BC6AFD0B179C5F20003AC5FC /* DDConwaysSettings.m in Sources */,
				BC41E0271792FD490087A109 /* DDSettingsViewController.m in Sources */,
				BCB5BF5C17916BF7006C3C30 /* DDAbstractGameOfLife.m in Sources */,
				BC24E0F31791679A00F1674E /* BChannelEvent.m in Sources */,
				BC85E8C6179C4A330079CFE5 /* DDLifeCell.m in Sources */,
			);
			runOnlyForDeploymentPostprocessing = 0;
		};
		BC24E0981791673D00F1674E /* Sources */ = {
			isa = PBXSourcesBuildPhase;
			buildActionMask = 2147483647;
			files = (
				BCB5BF6A179180FF006C3C30 /* DDConwaysGameOfLife.m in Sources */,
				BCB5BF5D17916BF7006C3C30 /* DDAbstractGameOfLife.m in Sources */,
				BC24E0AA1791673D00F1674E /* Cellular_SoundsTests.m in Sources */,
			);
			runOnlyForDeploymentPostprocessing = 0;
		};
/* End PBXSourcesBuildPhase section */

/* Begin PBXTargetDependency section */
		BC24E0A21791673D00F1674E /* PBXTargetDependency */ = {
			isa = PBXTargetDependency;
			target = BC24E07A1791673D00F1674E /* Cellular-Sounds */;
			targetProxy = BC24E0A11791673D00F1674E /* PBXContainerItemProxy */;
		};
/* End PBXTargetDependency section */

/* Begin PBXVariantGroup section */
		BC24E0871791673D00F1674E /* InfoPlist.strings */ = {
			isa = PBXVariantGroup;
			children = (
				BC24E0881791673D00F1674E /* en */,
			);
			name = InfoPlist.strings;
			sourceTree = "<group>";
		};
		BC24E0901791673D00F1674E /* Main.storyboard */ = {
			isa = PBXVariantGroup;
			children = (
				BC24E0911791673D00F1674E /* Base */,
			);
			name = Main.storyboard;
			sourceTree = "<group>";
		};
		BC24E0A61791673D00F1674E /* InfoPlist.strings */ = {
			isa = PBXVariantGroup;
			children = (
				BC24E0A71791673D00F1674E /* en */,
			);
			name = InfoPlist.strings;
			sourceTree = "<group>";
		};
/* End PBXVariantGroup section */

/* Begin XCBuildConfiguration section */
		BC24E0AB1791673D00F1674E /* Debug */ = {
			isa = XCBuildConfiguration;
			buildSettings = {
				ALWAYS_SEARCH_USER_PATHS = NO;
				CLANG_CXX_LANGUAGE_STANDARD = "gnu++0x";
				CLANG_CXX_LIBRARY = "libc++";
				CLANG_ENABLE_MODULES = YES;
				CLANG_ENABLE_OBJC_ARC = YES;
				CLANG_WARN_BOOL_CONVERSION = YES;
				CLANG_WARN_CONSTANT_CONVERSION = YES;
				CLANG_WARN_DIRECT_OBJC_ISA_USAGE = YES_ERROR;
				CLANG_WARN_EMPTY_BODY = YES;
				CLANG_WARN_ENUM_CONVERSION = YES;
				CLANG_WARN_INT_CONVERSION = YES;
				CLANG_WARN_OBJC_ROOT_CLASS = YES_ERROR;
				CLANG_WARN__DUPLICATE_METHOD_MATCH = YES;
				CODE_SIGN_IDENTITY = "iPhone Developer";
				"CODE_SIGN_IDENTITY[sdk=iphoneos*]" = "iPhone Developer";
				COPY_PHASE_STRIP = NO;
				GCC_C_LANGUAGE_STANDARD = gnu99;
				GCC_DYNAMIC_NO_PIC = NO;
				GCC_OPTIMIZATION_LEVEL = 0;
				GCC_PREPROCESSOR_DEFINITIONS = (
					"DEBUG=1",
					"$(inherited)",
				);
				GCC_SYMBOLS_PRIVATE_EXTERN = NO;
				GCC_WARN_ABOUT_RETURN_TYPE = YES_ERROR;
				GCC_WARN_UNDECLARED_SELECTOR = YES;
				GCC_WARN_UNINITIALIZED_AUTOS = YES;
				GCC_WARN_UNUSED_FUNCTION = YES;
				GCC_WARN_UNUSED_VARIABLE = YES;
				IPHONEOS_DEPLOYMENT_TARGET = 7.0;
				ONLY_ACTIVE_ARCH = YES;
				SDKROOT = iphoneos;
				TARGETED_DEVICE_FAMILY = 2;
			};
			name = Debug;
		};
		BC24E0AC1791673D00F1674E /* Release */ = {
			isa = XCBuildConfiguration;
			buildSettings = {
				ALWAYS_SEARCH_USER_PATHS = NO;
				CLANG_CXX_LANGUAGE_STANDARD = "gnu++0x";
				CLANG_CXX_LIBRARY = "libc++";
				CLANG_ENABLE_MODULES = YES;
				CLANG_ENABLE_OBJC_ARC = YES;
				CLANG_WARN_BOOL_CONVERSION = YES;
				CLANG_WARN_CONSTANT_CONVERSION = YES;
				CLANG_WARN_DIRECT_OBJC_ISA_USAGE = YES_ERROR;
				CLANG_WARN_EMPTY_BODY = YES;
				CLANG_WARN_ENUM_CONVERSION = YES;
				CLANG_WARN_INT_CONVERSION = YES;
				CLANG_WARN_OBJC_ROOT_CLASS = YES_ERROR;
				CLANG_WARN__DUPLICATE_METHOD_MATCH = YES;
				CODE_SIGN_IDENTITY = "iPhone Developer";
				"CODE_SIGN_IDENTITY[sdk=iphoneos*]" = "iPhone Developer";
				COPY_PHASE_STRIP = YES;
				ENABLE_NS_ASSERTIONS = NO;
				GCC_C_LANGUAGE_STANDARD = gnu99;
				GCC_WARN_ABOUT_RETURN_TYPE = YES_ERROR;
				GCC_WARN_UNDECLARED_SELECTOR = YES;
				GCC_WARN_UNINITIALIZED_AUTOS = YES;
				GCC_WARN_UNUSED_FUNCTION = YES;
				GCC_WARN_UNUSED_VARIABLE = YES;
				IPHONEOS_DEPLOYMENT_TARGET = 7.0;
				SDKROOT = iphoneos;
				TARGETED_DEVICE_FAMILY = 2;
				VALIDATE_PRODUCT = YES;
			};
			name = Release;
		};
		BC24E0AE1791673D00F1674E /* Debug */ = {
			isa = XCBuildConfiguration;
			baseConfigurationReference = 476DE402898644F8A85825DE /* Pods/Pods.xcconfig */;
			buildSettings = {
				CODE_SIGN_IDENTITY = "iPhone Developer: Vasco Orey (4NBPX3CKE6)";
				GCC_PRECOMPILE_PREFIX_HEADER = YES;
				GCC_PREFIX_HEADER = "Cellular-Sounds/Cellular-Sounds-Prefix.pch";
				INFOPLIST_FILE = "Cellular-Sounds/Cellular-Sounds-Info.plist";
				PRODUCT_NAME = "$(TARGET_NAME)";
				PROVISIONING_PROFILE = "EEA04468-5F5E-432E-9522-2A6EADE88C63";
				WRAPPER_EXTENSION = app;
			};
			name = Debug;
		};
		BC24E0AF1791673D00F1674E /* Release */ = {
			isa = XCBuildConfiguration;
			baseConfigurationReference = 476DE402898644F8A85825DE /* Pods/Pods.xcconfig */;
			buildSettings = {
				CODE_SIGN_IDENTITY = "iPhone Developer: Vasco Orey (4NBPX3CKE6)";
				GCC_PRECOMPILE_PREFIX_HEADER = YES;
				GCC_PREFIX_HEADER = "Cellular-Sounds/Cellular-Sounds-Prefix.pch";
				INFOPLIST_FILE = "Cellular-Sounds/Cellular-Sounds-Info.plist";
				PRODUCT_NAME = "$(TARGET_NAME)";
				PROVISIONING_PROFILE = "EEA04468-5F5E-432E-9522-2A6EADE88C63";
				WRAPPER_EXTENSION = app;
			};
			name = Release;
		};
		BC24E0B11791673D00F1674E /* Debug */ = {
			isa = XCBuildConfiguration;
			buildSettings = {
				BUNDLE_LOADER = "$(BUILT_PRODUCTS_DIR)/Cellular-Sounds.app/Cellular-Sounds";
				FRAMEWORK_SEARCH_PATHS = (
					"$(SDKROOT)/Developer/Library/Frameworks",
					"$(inherited)",
					"$(SYSTEM_APPS_DIR)/Xcode5-DP3.app/Contents/Developer/Library/Frameworks",
				);
				GCC_PRECOMPILE_PREFIX_HEADER = YES;
				GCC_PREFIX_HEADER = "Cellular-Sounds/Cellular-Sounds-Prefix.pch";
				GCC_PREPROCESSOR_DEFINITIONS = (
					"DEBUG=1",
					"$(inherited)",
				);
				INFOPLIST_FILE = "Cellular-SoundsTests/Cellular-SoundsTests-Info.plist";
				PRODUCT_NAME = "$(TARGET_NAME)";
				TEST_HOST = "$(BUNDLE_LOADER)";
				WRAPPER_EXTENSION = xctest;
			};
			name = Debug;
		};
		BC24E0B21791673D00F1674E /* Release */ = {
			isa = XCBuildConfiguration;
			buildSettings = {
				BUNDLE_LOADER = "$(BUILT_PRODUCTS_DIR)/Cellular-Sounds.app/Cellular-Sounds";
				FRAMEWORK_SEARCH_PATHS = (
					"$(SDKROOT)/Developer/Library/Frameworks",
					"$(inherited)",
					"$(SYSTEM_APPS_DIR)/Xcode5-DP3.app/Contents/Developer/Library/Frameworks",
				);
				GCC_PRECOMPILE_PREFIX_HEADER = YES;
				GCC_PREFIX_HEADER = "Cellular-Sounds/Cellular-Sounds-Prefix.pch";
				INFOPLIST_FILE = "Cellular-SoundsTests/Cellular-SoundsTests-Info.plist";
				PRODUCT_NAME = "$(TARGET_NAME)";
				TEST_HOST = "$(BUNDLE_LOADER)";
				WRAPPER_EXTENSION = xctest;
			};
			name = Release;
		};
/* End XCBuildConfiguration section */

/* Begin XCConfigurationList section */
		BC24E0761791673D00F1674E /* Build configuration list for PBXProject "Cellular-Sounds" */ = {
			isa = XCConfigurationList;
			buildConfigurations = (
				BC24E0AB1791673D00F1674E /* Debug */,
				BC24E0AC1791673D00F1674E /* Release */,
			);
			defaultConfigurationIsVisible = 0;
			defaultConfigurationName = Release;
		};
		BC24E0AD1791673D00F1674E /* Build configuration list for PBXNativeTarget "Cellular-Sounds" */ = {
			isa = XCConfigurationList;
			buildConfigurations = (
				BC24E0AE1791673D00F1674E /* Debug */,
				BC24E0AF1791673D00F1674E /* Release */,
			);
			defaultConfigurationIsVisible = 0;
			defaultConfigurationName = Release;
		};
		BC24E0B01791673D00F1674E /* Build configuration list for PBXNativeTarget "Cellular-SoundsTests" */ = {
			isa = XCConfigurationList;
			buildConfigurations = (
				BC24E0B11791673D00F1674E /* Debug */,
				BC24E0B21791673D00F1674E /* Release */,
			);
			defaultConfigurationIsVisible = 0;
			defaultConfigurationName = Release;
		};
/* End XCConfigurationList section */
	};
	rootObject = BC24E0731791673D00F1674E /* Project object */;
}
